{
   "name": "genkit",
   "version": "0.1",
   "lockfileVersion": 1,
   "requires": true,
   "dependencies": {
      "@types/underscore": {
         "version": "1.8.8",
         "resolved": "https://registry.npmjs.org/@types/underscore/-/underscore-1.8.8.tgz",
         "integrity": "sha512-EquzRwzAAs04anQ8/6MYXFKvHoD+MIlF+gu87EDda7dN9zrKvQYHsc9VFAPB1xY4tUHQVvBMtjsHrvof2EE1Mg=="
      },
      "underscore": {
         "version": "1.9.1",
         "resolved": "https://registry.npmjs.org/underscore/-/underscore-1.9.1.tgz",
         "integrity": "sha512-5/4etnCkd9c8gwgowi5/om/mYO5ajCaOgdzj/oW+0eQV9WxKBDZw5+ycmKmeaTXjInS/W0BzpGLo2xR2aBwZdg=="
      }
   }
}
